
Microsoft Visual Studio Solution File, Format Version 12.00
# Visual Studio Version 16
VisualStudioVersion = 16.0.31402.337
MinimumVisualStudioVersion = 10.0.40219.1
Project("{9A19103F-16F7-4668-BE54-9A1E7A4F7556}") = "VerzorgingApp.Server", "VerzorgingApp\Server\VerzorgingApp.Server.csproj", "{F8F4389D-7B9C-471D-85A1-8C1BA6E6E21F}"
EndProject
Project("{9A19103F-16F7-4668-BE54-9A1E7A4F7556}") = "VerzorgingApp.Client", "VerzorgingApp\Client\VerzorgingApp.Client.csproj", "{134A8836-19C5-4BA3-843C-1C6385E9D703}"
EndProject
Project("{9A19103F-16F7-4668-BE54-9A1E7A4F7556}") = "VerzorgingApp.Shared", "VerzorgingApp\Shared\VerzorgingApp.Shared.csproj", "{3B0268E0-97BA-4010-A3DF-F11FFFB38171}"
EndProject
Global
	GlobalSection(SolutionConfigurationPlatforms) = preSolution
		Debug|Any CPU = Debug|Any CPU
		Release|Any CPU = Release|Any CPU
	EndGlobalSection
	GlobalSection(ProjectConfigurationPlatforms) = postSolution
		{F8F4389D-7B9C-471D-85A1-8C1BA6E6E21F}.Debug|Any CPU.ActiveCfg = Debug|Any CPU
		{F8F4389D-7B9C-471D-85A1-8C1BA6E6E21F}.Debug|Any CPU.Build.0 = Debug|Any CPU
		{F8F4389D-7B9C-471D-85A1-8C1BA6E6E21F}.Release|Any CPU.ActiveCfg = Release|Any CPU
		{F8F4389D-7B9C-471D-85A1-8C1BA6E6E21F}.Release|Any CPU.Build.0 = Release|Any CPU
		{134A8836-19C5-4BA3-843C-1C6385E9D703}.Debug|Any CPU.ActiveCfg = Debug|Any CPU
		{134A8836-19C5-4BA3-843C-1C6385E9D703}.Debug|Any CPU.Build.0 = Debug|Any CPU
		{134A8836-19C5-4BA3-843C-1C6385E9D703}.Release|Any CPU.ActiveCfg = Release|Any CPU
		{134A8836-19C5-4BA3-843C-1C6385E9D703}.Release|Any CPU.Build.0 = Release|Any CPU
		{3B0268E0-97BA-4010-A3DF-F11FFFB38171}.Debug|Any CPU.ActiveCfg = Debug|Any CPU
		{3B0268E0-97BA-4010-A3DF-F11FFFB38171}.Debug|Any CPU.Build.0 = Debug|Any CPU
		{3B0268E0-97BA-4010-A3DF-F11FFFB38171}.Release|Any CPU.ActiveCfg = Release|Any CPU
		{3B0268E0-97BA-4010-A3DF-F11FFFB38171}.Release|Any CPU.Build.0 = Release|Any CPU
	EndGlobalSection
	GlobalSection(SolutionProperties) = preSolution
		HideSolutionNode = FALSE
	EndGlobalSection
	GlobalSection(ExtensibilityGlobals) = postSolution
		SolutionGuid = {A2C25CF4-12FD-4DD7-81D4-BB5FA91FAF01}
	EndGlobalSection
EndGlobal
